
Microsoft Visual Studio Solution File, Format Version 12.00
# Visual Studio Version 16
VisualStudioVersion = 16.0.30104.148
MinimumVisualStudioVersion = 10.0.40219.1
Project("{9A19103F-16F7-4668-BE54-9A1E7A4F7556}") = "DotNetApi", "DotNetApi\DotNetApi.csproj", "{EE4F8D5A-E969-4EA5-8B35-F2FA9217E76B}"
EndProject
Project("{9A19103F-16F7-4668-BE54-9A1E7A4F7556}") = "Tests", "Tests\Tests.csproj", "{93058FB3-527B-44F6-B6A2-C1F7B5470DF1}"
EndProject
Global
	GlobalSection(SolutionConfigurationPlatforms) = preSolution
		Debug|Any CPU = Debug|Any CPU
		Release|Any CPU = Release|Any CPU
	EndGlobalSection
	GlobalSection(ProjectConfigurationPlatforms) = postSolution
		{EE4F8D5A-E969-4EA5-8B35-F2FA9217E76B}.Debug|Any CPU.ActiveCfg = Debug|Any CPU
		{EE4F8D5A-E969-4EA5-8B35-F2FA9217E76B}.Debug|Any CPU.Build.0 = Debug|Any CPU
		{EE4F8D5A-E969-4EA5-8B35-F2FA9217E76B}.Release|Any CPU.ActiveCfg = Release|Any CPU
		{EE4F8D5A-E969-4EA5-8B35-F2FA9217E76B}.Release|Any CPU.Build.0 = Release|Any CPU
		{93058FB3-527B-44F6-B6A2-C1F7B5470DF1}.Debug|Any CPU.ActiveCfg = Debug|Any CPU
		{93058FB3-527B-44F6-B6A2-C1F7B5470DF1}.Debug|Any CPU.Build.0 = Debug|Any CPU
		{93058FB3-527B-44F6-B6A2-C1F7B5470DF1}.Release|Any CPU.ActiveCfg = Release|Any CPU
		{93058FB3-527B-44F6-B6A2-C1F7B5470DF1}.Release|Any CPU.Build.0 = Release|Any CPU
	EndGlobalSection
	GlobalSection(SolutionProperties) = preSolution
		HideSolutionNode = FALSE
	EndGlobalSection
	GlobalSection(ExtensibilityGlobals) = postSolution
		SolutionGuid = {4FA5381A-C052-4075-A571-9050AA2658DE}
	EndGlobalSection
EndGlobal
